
Microsoft Visual Studio Solution File, Format Version 11.00
# Visual C# Express 2010
Project("{FAE04EC0-301F-11D3-BF4B-00C04F79EFBC}") = "PaperPortSafeConverter", "PaperPortSafeConverter\PaperPortSafeConverter.csproj", "{FF02D342-5A71-46DB-BB39-F43DCE0B4B5E}"
EndProject
Global
	GlobalSection(SolutionConfigurationPlatforms) = preSolution
		Debug|Any CPU = Debug|Any CPU
		Release|Any CPU = Release|Any CPU
	EndGlobalSection
	GlobalSection(ProjectConfigurationPlatforms) = postSolution
		{FF02D342-5A71-46DB-BB39-F43DCE0B4B5E}.Debug|Any CPU.ActiveCfg = Debug|Any CPU
		{FF02D342-5A71-46DB-BB39-F43DCE0B4B5E}.Debug|Any CPU.Build.0 = Debug|Any CPU
		{FF02D342-5A71-46DB-BB39-F43DCE0B4B5E}.Release|Any CPU.ActiveCfg = Release|Any CPU
		{FF02D342-5A71-46DB-BB39-F43DCE0B4B5E}.Release|Any CPU.Build.0 = Release|Any CPU
	EndGlobalSection
	GlobalSection(SolutionProperties) = preSolution
		HideSolutionNode = FALSE
	EndGlobalSection
EndGlobal
